version = 1
revision = 2
requires-python = ">=3.11"

[[package]]
name = "peewee"
version = "3.18.1"
source = { registry = "https://pypi.org/simple" }
sdist = { url = "https://files.pythonhosted.org/packages/1e/ce/c2bb58d00cb12d19dea28d5a98d05a14350197a3d03eba60be9bae708bac/peewee-3.18.1.tar.gz", hash = "sha256:a76a694b3b3012ce22f00d51fd83e55bf80b595275a90ed62cd36eb45496cf1d", size = 3026130, upload-time = "2025-04-30T15:40:35.06Z" }

[[package]]
name = "psycopg2"
version = "2.9.10"
source = { registry = "https://pypi.org/simple" }
sdist = { url = "https://files.pythonhosted.org/packages/62/51/2007ea29e605957a17ac6357115d0c1a1b60c8c984951c19419b3474cdfd/psycopg2-2.9.10.tar.gz", hash = "sha256:12ec0b40b0273f95296233e8750441339298e6a572f7039da5b260e3c8b60e11", size = 385672, upload-time = "2024-10-16T11:24:54.832Z" }
wheels = [
    { url = "https://files.pythonhosted.org/packages/20/a2/c51ca3e667c34e7852157b665e3d49418e68182081060231d514dd823225/psycopg2-2.9.10-cp311-cp311-win32.whl", hash = "sha256:47c4f9875125344f4c2b870e41b6aad585901318068acd01de93f3677a6522c2", size = 1024538, upload-time = "2024-10-16T11:18:33.48Z" },
    { url = "https://files.pythonhosted.org/packages/33/39/5a9a229bb5414abeb86e33b8fc8143ab0aecce5a7f698a53e31367d30caa/psycopg2-2.9.10-cp311-cp311-win_amd64.whl", hash = "sha256:0435034157049f6846e95103bd8f5a668788dd913a7c30162ca9503fdf542cb4", size = 1163736, upload-time = "2024-10-16T11:18:36.616Z" },
    { url = "https://files.pythonhosted.org/packages/3d/16/4623fad6076448df21c1a870c93a9774ad8a7b4dd1660223b59082dd8fec/psycopg2-2.9.10-cp312-cp312-win32.whl", hash = "sha256:65a63d7ab0e067e2cdb3cf266de39663203d38d6a8ed97f5ca0cb315c73fe067", size = 1025113, upload-time = "2024-10-16T11:18:40.148Z" },
    { url = "https://files.pythonhosted.org/packages/66/de/baed128ae0fc07460d9399d82e631ea31a1f171c0c4ae18f9808ac6759e3/psycopg2-2.9.10-cp312-cp312-win_amd64.whl", hash = "sha256:4a579d6243da40a7b3182e0430493dbd55950c493d8c68f4eec0b302f6bbf20e", size = 1163951, upload-time = "2024-10-16T11:18:44.377Z" },
    { url = "https://files.pythonhosted.org/packages/ae/49/a6cfc94a9c483b1fa401fbcb23aca7892f60c7269c5ffa2ac408364f80dc/psycopg2-2.9.10-cp313-cp313-win_amd64.whl", hash = "sha256:91fd603a2155da8d0cfcdbf8ab24a2d54bca72795b90d2a3ed2b6da8d979dee2", size = 2569060, upload-time = "2025-01-04T20:09:15.28Z" },
]

[[package]]
name = "pyaes"
version = "1.6.1"
source = { registry = "https://pypi.org/simple" }
sdist = { url = "https://files.pythonhosted.org/packages/44/66/2c17bae31c906613795711fc78045c285048168919ace2220daa372c7d72/pyaes-1.6.1.tar.gz", hash = "sha256:02c1b1405c38d3c370b085fb952dd8bea3fadcee6411ad99f312cc129c536d8f", size = 28536, upload-time = "2017-09-20T21:17:54.23Z" }

[[package]]
name = "pyrogram"
version = "2.0.106"
source = { registry = "https://pypi.org/simple" }
dependencies = [
    { name = "pyaes" },
    { name = "pysocks" },
]
sdist = { url = "https://files.pythonhosted.org/packages/c8/8e/5d09eca17271320bb9a95e50b7e053770aee85b3fd338e8267e7b6b280ae/Pyrogram-2.0.106.tar.gz", hash = "sha256:30202995758fcb6e0f91224704ab7fedefea454297724bd70a6a71a23748c16f", size = 345997, upload-time = "2023-04-30T18:24:45.506Z" }
wheels = [
    { url = "https://files.pythonhosted.org/packages/37/88/502ec24914d208e06baa6f27ff812f46815bb4f302018ad848ebf518abdf/Pyrogram-2.0.106-py3-none-any.whl", hash = "sha256:32b62b3d93030b1080cbe45b88c0e8790cf4e2179cf3321ede810d48edf97bc7", size = 3573685, upload-time = "2023-04-30T18:24:41.986Z" },
]

[[package]]
name = "pysocks"
version = "1.7.1"
source = { registry = "https://pypi.org/simple" }
sdist = { url = "https://files.pythonhosted.org/packages/bd/11/293dd436aea955d45fc4e8a35b6ae7270f5b8e00b53cf6c024c83b657a11/PySocks-1.7.1.tar.gz", hash = "sha256:3f8804571ebe159c380ac6de37643bb4685970655d3bba243530d6558b799aa0", size = 284429, upload-time = "2019-09-20T02:07:35.714Z" }
wheels = [
    { url = "https://files.pythonhosted.org/packages/8d/59/b4572118e098ac8e46e399a1dd0f2d85403ce8bbaad9ec79373ed6badaf9/PySocks-1.7.1-py3-none-any.whl", hash = "sha256:2725bd0a9925919b9b51739eea5f9e2bae91e83288108a9ad338b2e3a4435ee5", size = 16725, upload-time = "2019-09-20T02:06:22.938Z" },
]

[[package]]
name = "shmafiabot"
version = "0.1.0"
source = { virtual = "." }
dependencies = [
    { name = "peewee" },
    { name = "psycopg2" },
    { name = "pyrogram" },
    { name = "tgcrypto" },
]

[package.metadata]
requires-dist = [
    { name = "peewee", specifier = ">=3.18.1" },
    { name = "psycopg2", specifier = ">=2.9.10" },
    { name = "pyrogram", specifier = ">=2.0.106" },
    { name = "tgcrypto", specifier = ">=1.2.5" },
]

[[package]]
name = "tgcrypto"
version = "1.2.5"
source = { registry = "https://pypi.org/simple" }
sdist = { url = "https://files.pythonhosted.org/packages/33/59/7cf5ced989e3139a791d5452d58cb8994de589576b80f9267ba76d794f6c/TgCrypto-1.2.5.tar.gz", hash = "sha256:9bc2cac6fb9a12ef5b08f3dd500174fe374d89b660cce981f57e3138559cb682", size = 37280, upload-time = "2022-11-11T19:55:11.436Z" }
wheels = [
    { url = "https://files.pythonhosted.org/packages/48/e6/07dc413e57f3677e0b887975b174d9cbc8170e92651dd35a784da9571d5f/TgCrypto-1.2.5-cp311-cp311-macosx_10_9_universal2.whl", hash = "sha256:59597cdb1c87eb1184088563d20b42a8f2e431e9334fed64926079044ad2a4af", size = 58988, upload-time = "2022-11-11T19:51:41.686Z" },
    { url = "https://files.pythonhosted.org/packages/c1/fe/a418223ff6079184f50f5ad8c2dac37ec40adbb42b886c3ee44fdba2a540/TgCrypto-1.2.5-cp311-cp311-macosx_10_9_x86_64.whl", hash = "sha256:1283337ae75b02406dd700377b8b783e70033b548492517df6e6c4156b0ed69c", size = 43347, upload-time = "2022-11-11T19:51:43.662Z" },
    { url = "https://files.pythonhosted.org/packages/39/0e/e861a9987c6d9d3ae04d156732311e018558f862490c466c369d73094807/TgCrypto-1.2.5-cp311-cp311-macosx_11_0_arm64.whl", hash = "sha256:1735437df0023a40e5fdd95e6b09ce806ec8f2cd2f8879023818840dfae60cab", size = 43123, upload-time = "2022-11-11T19:51:45.094Z" },
    { url = "https://files.pythonhosted.org/packages/0d/ce/d60e249ac4d31d591f4c8ca76e7bd537f4c54f1947b400a14ac3a1678b09/TgCrypto-1.2.5-cp311-cp311-manylinux_2_17_x86_64.manylinux2014_x86_64.whl", hash = "sha256:cfa17a20206532c6d2442c9d7a7f6434120bd75896ad9a3e9b9277477afa084f", size = 60713, upload-time = "2022-11-11T19:51:46.411Z" },
    { url = "https://files.pythonhosted.org/packages/27/55/50f81b1a557bd8f9b73f7fcda2381f8826665858750968394ceec0b01282/TgCrypto-1.2.5-cp311-cp311-manylinux_2_5_i686.manylinux1_i686.manylinux_2_17_i686.manylinux2014_i686.whl", hash = "sha256:48da3674474839e5619e7430ff1f98aed9f55369f3cfaef7f65511852869572e", size = 60418, upload-time = "2022-11-11T19:51:47.872Z" },
    { url = "https://files.pythonhosted.org/packages/f3/55/7f5f5a024b71ef81b07c3fe15e79d03b634eb349b04bc79a62c8c3ed3376/TgCrypto-1.2.5-cp311-cp311-musllinux_1_1_i686.whl", hash = "sha256:b49e982e5b156be821a5235bd9102c00dc506a58607e2c8bd50ac872724a951f", size = 64397, upload-time = "2022-11-11T19:51:49.609Z" },
    { url = "https://files.pythonhosted.org/packages/76/3e/8f059edce82de8ebbc1e513076c0f65a86fac95887fae21ae087440ef23a/TgCrypto-1.2.5-cp311-cp311-musllinux_1_1_x86_64.whl", hash = "sha256:9d9f13586065a6d86d05c16409054033a84be208acee29b49f6f194e27b08642", size = 64436, upload-time = "2022-11-11T19:51:51.414Z" },
    { url = "https://files.pythonhosted.org/packages/eb/87/fe894eb7c4cce4b6f710223c24e0ca22f4107fe46f3f56091ceabd482de7/TgCrypto-1.2.5-cp311-cp311-win32.whl", hash = "sha256:10dd3870aecb1a783c6eafd3b164b2149dbc93a9ee13feb7e6f5c58f87c24cd0", size = 44723, upload-time = "2022-11-11T19:51:52.982Z" },
    { url = "https://files.pythonhosted.org/packages/c1/fc/b918235b19b70a45f4a596c773fad2c379d941d2ac5005293e2ee18bdc63/TgCrypto-1.2.5-cp311-cp311-win_amd64.whl", hash = "sha256:a1beec47d6af8b509af7cf266e30f7703208076076594714005b42d2c25225b3", size = 45073, upload-time = "2022-11-11T19:51:54.724Z" },
]
